
Microsoft Visual Studio Solution File, Format Version 12.00
# Visual Studio Version 17
VisualStudioVersion = 17.0.32014.148
MinimumVisualStudioVersion = 10.0.40219.1
Project("{FAE04EC0-301F-11D3-BF4B-00C04F79EFBC}") = "Agencia", "Agencia\Agencia.csproj", "{C6E189B3-B04E-4513-9E67-1E50C8B6016B}"
EndProject
Global
	GlobalSection(SolutionConfigurationPlatforms) = preSolution
		Debug|Any CPU = Debug|Any CPU
		Release|Any CPU = Release|Any CPU
	EndGlobalSection
	GlobalSection(ProjectConfigurationPlatforms) = postSolution
		{C6E189B3-B04E-4513-9E67-1E50C8B6016B}.Debug|Any CPU.ActiveCfg = Debug|Any CPU
		{C6E189B3-B04E-4513-9E67-1E50C8B6016B}.Debug|Any CPU.Build.0 = Debug|Any CPU
		{C6E189B3-B04E-4513-9E67-1E50C8B6016B}.Release|Any CPU.ActiveCfg = Release|Any CPU
		{C6E189B3-B04E-4513-9E67-1E50C8B6016B}.Release|Any CPU.Build.0 = Release|Any CPU
	EndGlobalSection
	GlobalSection(SolutionProperties) = preSolution
		HideSolutionNode = FALSE
	EndGlobalSection
	GlobalSection(ExtensibilityGlobals) = postSolution
		SolutionGuid = {14612422-D19B-4974-A287-C682CD86BB6E}
	EndGlobalSection
EndGlobal
